
Microsoft Visual Studio Solution File, Format Version 12.00
# Visual Studio Version 17
VisualStudioVersion = 17.3.32929.385
MinimumVisualStudioVersion = 10.0.40219.1
Project("{FAE04EC0-301F-11D3-BF4B-00C04F79EFBC}") = "MethodCalling", "MethodCalling\MethodCalling.csproj", "{40D1F7F4-64FD-4B1A-ABD4-DA99791734E7}"
EndProject
Global
	GlobalSection(SolutionConfigurationPlatforms) = preSolution
		Debug|Any CPU = Debug|Any CPU
		Release|Any CPU = Release|Any CPU
	EndGlobalSection
	GlobalSection(ProjectConfigurationPlatforms) = postSolution
		{40D1F7F4-64FD-4B1A-ABD4-DA99791734E7}.Debug|Any CPU.ActiveCfg = Debug|Any CPU
		{40D1F7F4-64FD-4B1A-ABD4-DA99791734E7}.Debug|Any CPU.Build.0 = Debug|Any CPU
		{40D1F7F4-64FD-4B1A-ABD4-DA99791734E7}.Release|Any CPU.ActiveCfg = Release|Any CPU
		{40D1F7F4-64FD-4B1A-ABD4-DA99791734E7}.Release|Any CPU.Build.0 = Release|Any CPU
	EndGlobalSection
	GlobalSection(SolutionProperties) = preSolution
		HideSolutionNode = FALSE
	EndGlobalSection
	GlobalSection(ExtensibilityGlobals) = postSolution
		SolutionGuid = {E1BD9ECF-2EE6-477E-8472-A368B2D44224}
	EndGlobalSection
EndGlobal
